
Microsoft Visual Studio Solution File, Format Version 11.00
# Visual Studio 2010
Project("{F2A71F9B-5D33-465A-A702-920D77279786}") = "Simulation", "Simulation\Simulation.fsproj", "{7A966E34-FEAB-4148-875C-D47C7BF46001}"
EndProject
Project("{FAE04EC0-301F-11D3-BF4B-00C04F79EFBC}") = "LoadFrontend", "LoadFrontend\LoadFrontend.csproj", "{D7C90CBF-5B89-477F-8FE2-35A3ED110DDE}"
EndProject
Global
	GlobalSection(SolutionConfigurationPlatforms) = preSolution
		Debug|Any CPU = Debug|Any CPU
		Debug|Mixed Platforms = Debug|Mixed Platforms
		Debug|x86 = Debug|x86
		Release|Any CPU = Release|Any CPU
		Release|Mixed Platforms = Release|Mixed Platforms
		Release|x86 = Release|x86
	EndGlobalSection
	GlobalSection(ProjectConfigurationPlatforms) = postSolution
		{7A966E34-FEAB-4148-875C-D47C7BF46001}.Debug|Any CPU.ActiveCfg = Debug|Any CPU
		{7A966E34-FEAB-4148-875C-D47C7BF46001}.Debug|Any CPU.Build.0 = Debug|Any CPU
		{7A966E34-FEAB-4148-875C-D47C7BF46001}.Debug|Mixed Platforms.ActiveCfg = Debug|Any CPU
		{7A966E34-FEAB-4148-875C-D47C7BF46001}.Debug|Mixed Platforms.Build.0 = Debug|Any CPU
		{7A966E34-FEAB-4148-875C-D47C7BF46001}.Debug|x86.ActiveCfg = Debug|Any CPU
		{7A966E34-FEAB-4148-875C-D47C7BF46001}.Release|Any CPU.ActiveCfg = Release|Any CPU
		{7A966E34-FEAB-4148-875C-D47C7BF46001}.Release|Any CPU.Build.0 = Release|Any CPU
		{7A966E34-FEAB-4148-875C-D47C7BF46001}.Release|Mixed Platforms.ActiveCfg = Release|Any CPU
		{7A966E34-FEAB-4148-875C-D47C7BF46001}.Release|Mixed Platforms.Build.0 = Release|Any CPU
		{7A966E34-FEAB-4148-875C-D47C7BF46001}.Release|x86.ActiveCfg = Release|Any CPU
		{D7C90CBF-5B89-477F-8FE2-35A3ED110DDE}.Debug|Any CPU.ActiveCfg = Debug|x86
		{D7C90CBF-5B89-477F-8FE2-35A3ED110DDE}.Debug|Mixed Platforms.ActiveCfg = Debug|x86
		{D7C90CBF-5B89-477F-8FE2-35A3ED110DDE}.Debug|Mixed Platforms.Build.0 = Debug|x86
		{D7C90CBF-5B89-477F-8FE2-35A3ED110DDE}.Debug|x86.ActiveCfg = Debug|x86
		{D7C90CBF-5B89-477F-8FE2-35A3ED110DDE}.Debug|x86.Build.0 = Debug|x86
		{D7C90CBF-5B89-477F-8FE2-35A3ED110DDE}.Release|Any CPU.ActiveCfg = Release|x86
		{D7C90CBF-5B89-477F-8FE2-35A3ED110DDE}.Release|Mixed Platforms.ActiveCfg = Release|x86
		{D7C90CBF-5B89-477F-8FE2-35A3ED110DDE}.Release|Mixed Platforms.Build.0 = Release|x86
		{D7C90CBF-5B89-477F-8FE2-35A3ED110DDE}.Release|x86.ActiveCfg = Release|x86
		{D7C90CBF-5B89-477F-8FE2-35A3ED110DDE}.Release|x86.Build.0 = Release|x86
	EndGlobalSection
	GlobalSection(SolutionProperties) = preSolution
		HideSolutionNode = FALSE
	EndGlobalSection
EndGlobal
